Microsoft Visual Studio Solution File, Format Version 12.00
# Visual Studio Version 17
VisualStudioVersion = 17.5.2.0
MinimumVisualStudioVersion = 10.0.40219.1
Project("{FAE04EC0-301F-11D3-BF4B-00C04F79EFBC}") = "Crm", "crm\Crm.csproj", "{65CDC74A-E041-30F3-9627-C57749FBD37E}"
EndProject
Global
	GlobalSection(SolutionConfigurationPlatforms) = preSolution
		Debug|Any CPU = Debug|Any CPU
		Release|Any CPU = Release|Any CPU
	EndGlobalSection
	GlobalSection(ProjectConfigurationPlatforms) = postSolution
		{65CDC74A-E041-30F3-9627-C57749FBD37E}.Debug|Any CPU.ActiveCfg = Debug|Any CPU
		{65CDC74A-E041-30F3-9627-C57749FBD37E}.Debug|Any CPU.Build.0 = Debug|Any CPU
		{65CDC74A-E041-30F3-9627-C57749FBD37E}.Release|Any CPU.ActiveCfg = Release|Any CPU
		{65CDC74A-E041-30F3-9627-C57749FBD37E}.Release|Any CPU.Build.0 = Release|Any CPU
	EndGlobalSection
	GlobalSection(SolutionProperties) = preSolution
		HideSolutionNode = FALSE
	EndGlobalSection
	GlobalSection(ExtensibilityGlobals) = postSolution
		SolutionGuid = {7A0BBD92-7319-4125-86E9-F7C267FC1A91}
	EndGlobalSection
EndGlobal
